# Code generated by scarb DO NOT EDIT.
version = 1

[[package]]
name = "alexandria_data_structures"
version = "0.5.1"
source = "git+https://github.com/keep-starknet-strange/alexandria?tag=v0.5.1#c804e98e6e9dc1677906bd65d44470615e42dabf"

[[package]]
name = "koji"
version = "0.1.0"
dependencies = [
 "alexandria_data_structures",
]
